// !$*UTF8*$!
{
	archiveVersion = 1;
	classes = {
	};
	objectVersion = 48;
	objects = {

/* Begin PBXBuildFile section */
		505169031FC96FCE00CC9A70 /* AppDelegate.swift in Sources */ = {isa = PBXBuildFile; fileRef = 505169021FC96FCE00CC9A70 /* AppDelegate.swift */; };
		505169051FC96FCE00CC9A70 /* ViewController.swift in Sources */ = {isa = PBXBuildFile; fileRef = 505169041FC96FCE00CC9A70 /* ViewController.swift */; };
		505169081FC96FCE00CC9A70 /* Main.storyboard in Resources */ = {isa = PBXBuildFile; fileRef = 505169061FC96FCE00CC9A70 /* Main.storyboard */; };
		5051690A1FC96FCE00CC9A70 /* Assets.xcassets in Resources */ = {isa = PBXBuildFile; fileRef = 505169091FC96FCE00CC9A70 /* Assets.xcassets */; };
		5051690D1FC96FCE00CC9A70 /* LaunchScreen.storyboard in Resources */ = {isa = PBXBuildFile; fileRef = 5051690B1FC96FCE00CC9A70 /* LaunchScreen.storyboard */; };
/* End PBXBuildFile section */

/* Begin PBXFileReference section */
		505168FF1FC96FCE00CC9A70 /* Curs1App1.app */ = {isa = PBXFileReference; explicitFileType = wrapper.application; includeInIndex = 0; path = Curs1App1.app; sourceTree = BUILT_PRODUCTS_DIR; };
		505169021FC96FCE00CC9A70 /* AppDelegate.swift */ = {isa = PBXFileReference; lastKnownFileType = sourcecode.swift; path = AppDelegate.swift; sourceTree = "<group>"; };
		505169041FC96FCE00CC9A70 /* ViewController.swift */ = {isa = PBXFileReference; lastKnownFileType = sourcecode.swift; path = ViewController.swift; sourceTree = "<group>"; };
		505169071FC96FCE00CC9A70 /* Base */ = {isa = PBXFileReference; lastKnownFileType = file.storyboard; name = Base; path = Base.lproj/Main.storyboard; sourceTree = "<group>"; };
		505169091FC96FCE00CC9A70 /* Assets.xcassets */ = {isa = PBXFileReference; lastKnownFileType = folder.assetcatalog; path = Assets.xcassets; sourceTree = "<group>"; };
		5051690C1FC96FCE00CC9A70 /* Base */ = {isa = PBXFileReference; lastKnownFileType = file.storyboard; name = Base; path = Base.lproj/LaunchScreen.storyboard; sourceTree = "<group>"; };
		5051690E1FC96FCE00CC9A70 /* Info.plist */ = {isa = PBXFileReference; lastKnownFileType = text.plist.xml; path = Info.plist; sourceTree = "<group>"; };
/* End PBXFileReference section */

/* Begin PBXFrameworksBuildPhase section */
		505168FC1FC96FCE00CC9A70 /* Frameworks */ = {
			isa = PBXFrameworksBuildPhase;
			buildActionMask = 2147483647;
			files = (
			);
			runOnlyForDeploymentPostprocessing = 0;
		};
/* End PBXFrameworksBuildPhase section */

/* Begin PBXGroup section */
		505168F61FC96FCE00CC9A70 = {
			isa = PBXGroup;
			children = (
				505169011FC96FCE00CC9A70 /* Curs1App1 */,
				505169001FC96FCE00CC9A70 /* Products */,
			);
			sourceTree = "<group>";
		};
		505169001FC96FCE00CC9A70 /* Products */ = {
			isa = PBXGroup;
			children = (
				505168FF1FC96FCE00CC9A70 /* Curs1App1.app */,
			);
			name = Products;
			sourceTree = "<group>";
		};
		505169011FC96FCE00CC9A70 /* Curs1App1 */ = {
			isa = PBXGroup;
			children = (
				505169021FC96FCE00CC9A70 /* AppDelegate.swift */,
				505169041FC96FCE00CC9A70 /* ViewController.swift */,
				505169061FC96FCE00CC9A70 /* Main.storyboard */,
				505169091FC96FCE00CC9A70 /* Assets.xcassets */,
				5051690B1FC96FCE00CC9A70 /* LaunchScreen.storyboard */,
				5051690E1FC96FCE00CC9A70 /* Info.plist */,
			);
			path = Curs1App1;
			sourceTree = "<group>";
		};
/* End PBXGroup section */

/* Begin PBXNativeTarget section */
		505168FE1FC96FCE00CC9A70 /* Curs1App1 */ = {
			isa = PBXNativeTarget;
			buildConfigurationList = 505169111FC96FCE00CC9A70 /* Build configuration list for PBXNativeTarget "Curs1App1" */;
			buildPhases = (
				505168FB1FC96FCE00CC9A70 /* Sources */,
				505168FC1FC96FCE00CC9A70 /* Frameworks */,
				505168FD1FC96FCE00CC9A70 /* Resources */,
			);
			buildRules = (
			);
			dependencies = (
			);
			name = Curs1App1;
			productName = Curs1App1;
			productReference = 505168FF1FC96FCE00CC9A70 /* Curs1App1.app */;
			productType = "com.apple.product-type.application";
		};
/* End PBXNativeTarget section */

/* Begin PBXProject section */
		505168F71FC96FCE00CC9A70 /* Project object */ = {
			isa = PBXProject;
			attributes = {
				LastSwiftUpdateCheck = 0910;
				LastUpgradeCheck = 0910;
				ORGANIZATIONNAME = bla;
				TargetAttributes = {
					505168FE1FC96FCE00CC9A70 = {
						CreatedOnToolsVersion = 9.1;
						ProvisioningStyle = Automatic;
					};
				};
			};
			buildConfigurationList = 505168FA1FC96FCE00CC9A70 /* Build configuration list for PBXProject "Curs1App1" */;
			compatibilityVersion = "Xcode 8.0";
			developmentRegion = en;
			hasScannedForEncodings = 0;
			knownRegions = (
				en,
				Base,
			);
			mainGroup = 505168F61FC96FCE00CC9A70;
			productRefGroup = 505169001FC96FCE00CC9A70 /* Products */;
			projectDirPath = "";
			projectRoot = "";
			targets = (
				505168FE1FC96FCE00CC9A70 /* Curs1App1 */,
			);
		};
/* End PBXProject section */

/* Begin PBXResourcesBuildPhase section */
		505168FD1FC96FCE00CC9A70 /* Resources */ = {
			isa = PBXResourcesBuildPhase;
			buildActionMask = 2147483647;
			files = (
				5051690D1FC96FCE00CC9A70 /* LaunchScreen.storyboard in Resources */,
				5051690A1FC96FCE00CC9A70 /* Assets.xcassets in Resources */,
				505169081FC96FCE00CC9A70 /* Main.storyboard in Resources */,
			);
			runOnlyForDeploymentPostprocessing = 0;
		};
/* End PBXResourcesBuildPhase section */

/* Begin PBXSourcesBuildPhase section */
		505168FB1FC96FCE00CC9A70 /* Sources */ = {
			isa = PBXSourcesBuildPhase;
			buildActionMask = 2147483647;
			files = (
				505169051FC96FCE00CC9A70 /* ViewController.swift in Sources */,
				505169031FC96FCE00CC9A70 /* AppDelegate.swift in Sources */,
			);
			runOnlyForDeploymentPostprocessing = 0;
		};
/* End PBXSourcesBuildPhase section */

/* Begin PBXVariantGroup section */
		505169061FC96FCE00CC9A70 /* Main.storyboard */ = {
			isa = PBXVariantGroup;
			children = (
				505169071FC96FCE00CC9A70 /* Base */,
			);
			name = Main.storyboard;
			sourceTree = "<group>";
		};
		5051690B1FC96FCE00CC9A70 /* LaunchScreen.storyboard */ = {
			isa = PBXVariantGroup;
			children = (
				5051690C1FC96FCE00CC9A70 /* Base */,
			);
			name = LaunchScreen.storyboard;
			sourceTree = "<group>";
		};
/* End PBXVariantGroup section */

/* Begin XCBuildConfiguration section */
		5051690F1FC96FCE00CC9A70 /* Debug */ = {
			isa = XCBuildConfiguration;
			buildSettings = {
				ALWAYS_SEARCH_USER_PATHS = NO;
				CLANG_ANALYZER_NONNULL = YES;
				CLANG_ANALYZER_NUMBER_OBJECT_CONVERSION = YES_AGGRESSIVE;
				CLANG_CXX_LANGUAGE_STANDARD = "gnu++14";
				CLANG_CXX_LIBRARY = "libc++";
				CLANG_ENABLE_MODULES = YES;
				CLANG_ENABLE_OBJC_ARC = YES;
				CLANG_WARN_BLOCK_CAPTURE_AUTORELEASING = YES;
				CLANG_WARN_BOOL_CONVERSION = YES;
				CLANG_WARN_COMMA = YES;
				CLANG_WARN_CONSTANT_CONVERSION = YES;
				CLANG_WARN_DIRECT_OBJC_ISA_USAGE = YES_ERROR;
				CLANG_WARN_DOCUMENTATION_COMMENTS = YES;
				CLANG_WARN_EMPTY_BODY = YES;
				CLANG_WARN_ENUM_CONVERSION = YES;
				CLANG_WARN_INFINITE_RECURSION = YES;
				CLANG_WARN_INT_CONVERSION = YES;
				CLANG_WARN_NON_LITERAL_NULL_CONVERSION = YES;
				CLANG_WARN_OBJC_LITERAL_CONVERSION = YES;
				CLANG_WARN_OBJC_ROOT_CLASS = YES_ERROR;
				CLANG_WARN_RANGE_LOOP_ANALYSIS = YES;
				CLANG_WARN_STRICT_PROTOTYPES = YES;
				CLANG_WARN_SUSPICIOUS_MOVE = YES;
				CLANG_WARN_UNGUARDED_AVAILABILITY = YES_AGGRESSIVE;
				CLANG_WARN_UNREACHABLE_CODE = YES;
				CLANG_WARN__DUPLICATE_METHOD_MATCH = YES;
				CODE_SIGN_IDENTITY = "iPhone Developer";
				COPY_PHASE_STRIP = NO;
				DEBUG_INFORMATION_FORMAT = dwarf;
				ENABLE_STRICT_OBJC_MSGSEND = YES;
				ENABLE_TESTABILITY = YES;
				GCC_C_LANGUAGE_STANDARD = gnu11;
				GCC_DYNAMIC_NO_PIC = NO;
				GCC_NO_COMMON_BLOCKS = YES;
				GCC_OPTIMIZATION_LEVEL = 0;
				GCC_PREPROCESSOR_DEFINITIONS = (
					"DEBUG=1",
					"$(inherited)",
				);
				GCC_WARN_64_TO_32_BIT_CONVERSION = YES;
				GCC_WARN_ABOUT_RETURN_TYPE = YES_ERROR;
				GCC_WARN_UNDECLARED_SELECTOR = YES;
				GCC_WARN_UNINITIALIZED_AUTOS = YES_AGGRESSIVE;
				GCC_WARN_UNUSED_FUNCTION = YES;
				GCC_WARN_UNUSED_VARIABLE = YES;
				IPHONEOS_DEPLOYMENT_TARGET = 11.1;
				MTL_ENABLE_DEBUG_INFO = YES;
				ONLY_ACTIVE_ARCH = YES;
				SDKROOT = iphoneos;
				SWIFT_ACTIVE_COMPILATION_CONDITIONS = DEBUG;
				SWIFT_OPTIMIZATION_LEVEL = "-Onone";
			};
			name = Debug;
		};
		505169101FC96FCE00CC9A70 /* Release */ = {
			isa = XCBuildConfiguration;
			buildSettings = {
				ALWAYS_SEARCH_USER_PATHS = NO;
				CLANG_ANALYZER_NONNULL = YES;
				CLANG_ANALYZER_NUMBER_OBJECT_CONVERSION = YES_AGGRESSIVE;
				CLANG_CXX_LANGUAGE_STANDARD = "gnu++14";
				CLANG_CXX_LIBRARY = "libc++";
				CLANG_ENABLE_MODULES = YES;
				CLANG_ENABLE_OBJC_ARC = YES;
				CLANG_WARN_BLOCK_CAPTURE_AUTORELEASING = YES;
				CLANG_WARN_BOOL_CONVERSION = YES;
				CLANG_WARN_COMMA = YES;
				CLANG_WARN_CONSTANT_CONVERSION = YES;
				CLANG_WARN_DIRECT_OBJC_ISA_USAGE = YES_ERROR;
				CLANG_WARN_DOCUMENTATION_COMMENTS = YES;
				CLANG_WARN_EMPTY_BODY = YES;
				CLANG_WARN_ENUM_CONVERSION = YES;
				CLANG_WARN_INFINITE_RECURSION = YES;
				CLANG_WARN_INT_CONVERSION = YES;
				CLANG_WARN_NON_LITERAL_NULL_CONVERSION = YES;
				CLANG_WARN_OBJC_LITERAL_CONVERSION = YES;
				CLANG_WARN_OBJC_ROOT_CLASS = YES_ERROR;
				CLANG_WARN_RANGE_LOOP_ANALYSIS = YES;
				CLANG_WARN_STRICT_PROTOTYPES = YES;
				CLANG_WARN_SUSPICIOUS_MOVE = YES;
				CLANG_WARN_UNGUARDED_AVAILABILITY = YES_AGGRESSIVE;
				CLANG_WARN_UNREACHABLE_CODE = YES;
				CLANG_WARN__DUPLICATE_METHOD_MATCH = YES;
				CODE_SIGN_IDENTITY = "iPhone Developer";
				COPY_PHASE_STRIP = NO;
				DEBUG_INFORMATION_FORMAT = "dwarf-with-dsym";
				ENABLE_NS_ASSERTIONS = NO;
				ENABLE_STRICT_OBJC_MSGSEND = YES;
				GCC_C_LANGUAGE_STANDARD = gnu11;
				GCC_NO_COMMON_BLOCKS = YES;
				GCC_WARN_64_TO_32_BIT_CONVERSION = YES;
				GCC_WARN_ABOUT_RETURN_TYPE = YES_ERROR;
				GCC_WARN_UNDECLARED_SELECTOR = YES;
				GCC_WARN_UNINITIALIZED_AUTOS = YES_AGGRESSIVE;
				GCC_WARN_UNUSED_FUNCTION = YES;
				GCC_WARN_UNUSED_VARIABLE = YES;
				IPHONEOS_DEPLOYMENT_TARGET = 11.1;
				MTL_ENABLE_DEBUG_INFO = NO;
				SDKROOT = iphoneos;
				SWIFT_OPTIMIZATION_LEVEL = "-Owholemodule";
				VALIDATE_PRODUCT = YES;
			};
			name = Release;
		};
		505169121FC96FCE00CC9A70 /* Debug */ = {
			isa = XCBuildConfiguration;
			buildSettings = {
				ASSETCATALOG_COMPILER_APPICON_NAME = AppIcon;
				CODE_SIGN_STYLE = Automatic;
				INFOPLIST_FILE = Curs1App1/Info.plist;
				LD_RUNPATH_SEARCH_PATHS = "$(inherited) @executable_path/Frameworks";
				PRODUCT_BUNDLE_IDENTIFIER = t1.Curs1App1;
				PRODUCT_NAME = "$(TARGET_NAME)";
				SWIFT_VERSION = 4.0;
				TARGETED_DEVICE_FAMILY = "1,2";
			};
			name = Debug;
		};
		505169131FC96FCE00CC9A70 /* Release */ = {
			isa = XCBuildConfiguration;
			buildSettings = {
				ASSETCATALOG_COMPILER_APPICON_NAME = AppIcon;
				CODE_SIGN_STYLE = Automatic;
				INFOPLIST_FILE = Curs1App1/Info.plist;
				LD_RUNPATH_SEARCH_PATHS = "$(inherited) @executable_path/Frameworks";
				PRODUCT_BUNDLE_IDENTIFIER = t1.Curs1App1;
				PRODUCT_NAME = "$(TARGET_NAME)";
				SWIFT_VERSION = 4.0;
				TARGETED_DEVICE_FAMILY = "1,2";
			};
			name = Release;
		};
/* End XCBuildConfiguration section */

/* Begin XCConfigurationList section */
		505168FA1FC96FCE00CC9A70 /* Build configuration list for PBXProject "Curs1App1" */ = {
			isa = XCConfigurationList;
			buildConfigurations = (
				5051690F1FC96FCE00CC9A70 /* Debug */,
				505169101FC96FCE00CC9A70 /* Release */,
			);
			defaultConfigurationIsVisible = 0;
			defaultConfigurationName = Release;
		};
		505169111FC96FCE00CC9A70 /* Build configuration list for PBXNativeTarget "Curs1App1" */ = {
			isa = XCConfigurationList;
			buildConfigurations = (
				505169121FC96FCE00CC9A70 /* Debug */,
				505169131FC96FCE00CC9A70 /* Release */,
			);
			defaultConfigurationIsVisible = 0;
			defaultConfigurationName = Release;
		};
/* End XCConfigurationList section */
	};
	rootObject = 505168F71FC96FCE00CC9A70 /* Project object */;
}
